
Microsoft Visual Studio Solution File, Format Version 12.00
# Visual Studio Version 17
VisualStudioVersion = 17.3.32825.248
MinimumVisualStudioVersion = 10.0.40219.1
Project("{FAE04EC0-301F-11D3-BF4B-00C04F79EFBC}") = "ContactPro", "ContactPro\ContactPro.csproj", "{FB06B3C9-79D4-4D58-AE11-ADB16592273D}"
EndProject
Global
	GlobalSection(SolutionConfigurationPlatforms) = preSolution
		Debug|Any CPU = Debug|Any CPU
		Release|Any CPU = Release|Any CPU
	EndGlobalSection
	GlobalSection(ProjectConfigurationPlatforms) = postSolution
		{FB06B3C9-79D4-4D58-AE11-ADB16592273D}.Debug|Any CPU.ActiveCfg = Debug|Any CPU
		{FB06B3C9-79D4-4D58-AE11-ADB16592273D}.Debug|Any CPU.Build.0 = Debug|Any CPU
		{FB06B3C9-79D4-4D58-AE11-ADB16592273D}.Release|Any CPU.ActiveCfg = Release|Any CPU
		{FB06B3C9-79D4-4D58-AE11-ADB16592273D}.Release|Any CPU.Build.0 = Release|Any CPU
	EndGlobalSection
	GlobalSection(SolutionProperties) = preSolution
		HideSolutionNode = FALSE
	EndGlobalSection
	GlobalSection(ExtensibilityGlobals) = postSolution
		SolutionGuid = {B8CEF0D4-8D20-4CA1-BF43-DF85FE9704D5}
	EndGlobalSection
EndGlobal
